PODS:
  - Alamofire (4.4.0)
  - AlamofireImage (3.2.0):
    - Alamofire (~> 4.1)
  - AlamofireObjectMapper (4.1.0):
    - Alamofire (~> 4.1)
    - ObjectMapper (~> 2.0)
  - Cosmos (7.0.0)
  - Crashlytics (3.8.4):
    - Fabric (~> 1.6.3)
  - Fabric (1.6.11)
  - ObjectMapper (2.2.6)
  - PMKVObserver (2.0.1):
    - PMKVObserver/ObjC (= 2.0.1)
    - PMKVObserver/Swift (= 2.0.1)
  - PMKVObserver/ObjC (2.0.1)
  - PMKVObserver/Swift (2.0.1):
    - PMKVObserver/ObjC
  - Reveal-SDK (8)
  - SwiftyBeaver (1.2.2)
  - SwiftyJSON (3.1.4)
  - SwiftyUserDefaults (3.0.0)
  - UIScrollView-InfiniteScroll (0.9.2)
  - XCDYouTubeKit (2.5.5)

DEPENDENCIES:
  - Alamofire
  - AlamofireImage
  - AlamofireObjectMapper (~> 4.0)
  - Cosmos (~> 7.0)
  - Crashlytics
  - Fabric
  - ObjectMapper
  - PMKVObserver
  - Reveal-SDK
  - SwiftyBeaver
  - SwiftyJSON
  - SwiftyUserDefaults
  - UIScrollView-InfiniteScroll (from `https://github.com/staticdreams/UIScrollView-InfiniteScroll.git`)
  - XCDYouTubeKit

EXTERNAL SOURCES:
  UIScrollView-InfiniteScroll:
    :git: https://github.com/staticdreams/UIScrollView-InfiniteScroll.git

CHECKOUT OPTIONS:
  UIScrollView-InfiniteScroll:
    :commit: a7b3c28b7711b2bb1b93143a854aa108251541dc
    :git: https://github.com/staticdreams/UIScrollView-InfiniteScroll.git

SPEC CHECKSUMS:
  Alamofire: dc44b1600b800eb63da6a19039a0083d62a6a62d
  AlamofireImage: 157ed682cc81d3b9db4fb90c1f12180ac552d93b
  AlamofireObjectMapper: 435adc82f5b367679bd9e71c4974a54efd0b2521
  Cosmos: 2c8299147138758f6ebbb247cf1aeed77998bdf9
  Crashlytics: 79e236942ca1e7fc641df1feb9a275360a78ab6a
  Fabric: 5911403591946b8228ab1c51d98f1d7137e863c6
  ObjectMapper: 042708195cc46c20871cbcbec0453826398273fd
  PMKVObserver: f3955b3beae9c6198ad347d4eb9b125477e9cb72
  Reveal-SDK: 43be4e662864e937960d0d04d005135e29c4e53b
  SwiftyBeaver: 90a39e3dc5136b7285f2e4c870b107e3933b8b84
  SwiftyJSON: c2842d878f95482ffceec5709abc3d05680c0220
  SwiftyUserDefaults: 0f1d45fc3aafb9064dac661e367f8f83fe21a4b4
  UIScrollView-InfiniteScroll: 428d0e9485a97de0ecccfbf161e7e2fec0bdae90
  XCDYouTubeKit: 86f4e7a9c2baa7b7adf6abfc28ac3ab34927be2d

PODFILE CHECKSUM: 4732e649bbf1e46e3f56f2e46213fb1a19fd1074

COCOAPODS: 1.2.1
